{
  "name": "fast-drone-research-runtime",
  "version": "0.1.0",
  "lockfileVersion": 3,
  "requires": true,
  "packages": {
    "": {
      "name": "fast-drone-research-runtime",
      "version": "0.1.0",
      "dependencies": {
        "@casadi/casadi-wasm": "3.8.0"
      }
    },
    "node_modules/@casadi/casadi-wasm": {
      "version": "3.8.0",
      "resolved": "https://registry.npmjs.org/@casadi/casadi-wasm/-/casadi-wasm-3.8.0.tgz",
      "integrity": "sha512-2yizjW7tyQdmGK9CQixrShYoaT+sgNJTmVxxLKtGv/Y/KhHtNb74Byxp0y8QM9RgILyuTUKytw2Y4WUPmMurQg==",
      "license": "LGPL-3.0-or-later",
      "engines": {
        "node": ">=18"
      }
    }
  }
}
